
Microsoft Visual Studio Solution File, Format Version 12.00
# Visual Studio 2013
VisualStudioVersion = 12.0.30723.0
MinimumVisualStudioVersion = 10.0.40219.1
Project("{FAE04EC0-301F-11D3-BF4B-00C04F79EFBC}") = "WindowGlows", "WindowGlows\WindowGlows.csproj", "{7C19B1B8-4C1F-4C6E-B29A-B63C6807D641}"
EndProject
Project("{FAE04EC0-301F-11D3-BF4B-00C04F79EFBC}") = "WindowGlowsTestApp", "WindowGlowsTestApp\WindowGlowsTestApp.csproj", "{D81FC4E2-99F5-45B6-92CB-1172E107E94B}"
EndProject
Global
	GlobalSection(TeamFoundationVersionControl) = preSolution
		SccNumberOfProjects = 3
		SccEnterpriseProvider = {4CA58AB2-18FA-4F8D-95D4-32DDF27D184C}
		SccTeamFoundationServer = https://tfs.codeplex.com/tfs/tfs18
		SccLocalPath0 = .
		SccProjectUniqueName1 = WindowGlows\\WindowGlows.csproj
		SccProjectName1 = WindowGlows
		SccLocalPath1 = WindowGlows
		SccProjectUniqueName2 = WindowGlowsTestApp\\WindowGlowsTestApp.csproj
		SccProjectName2 = WindowGlowsTestApp
		SccLocalPath2 = WindowGlowsTestApp
	EndGlobalSection
	GlobalSection(SolutionConfigurationPlatforms) = preSolution
		Debug|Any CPU = Debug|Any CPU
		Release|Any CPU = Release|Any CPU
	EndGlobalSection
	GlobalSection(ProjectConfigurationPlatforms) = postSolution
		{7C19B1B8-4C1F-4C6E-B29A-B63C6807D641}.Debug|Any CPU.ActiveCfg = Debug|Any CPU
		{7C19B1B8-4C1F-4C6E-B29A-B63C6807D641}.Debug|Any CPU.Build.0 = Debug|Any CPU
		{7C19B1B8-4C1F-4C6E-B29A-B63C6807D641}.Release|Any CPU.ActiveCfg = Release|Any CPU
		{7C19B1B8-4C1F-4C6E-B29A-B63C6807D641}.Release|Any CPU.Build.0 = Release|Any CPU
		{D81FC4E2-99F5-45B6-92CB-1172E107E94B}.Debug|Any CPU.ActiveCfg = Debug|Any CPU
		{D81FC4E2-99F5-45B6-92CB-1172E107E94B}.Debug|Any CPU.Build.0 = Debug|Any CPU
		{D81FC4E2-99F5-45B6-92CB-1172E107E94B}.Release|Any CPU.ActiveCfg = Release|Any CPU
		{D81FC4E2-99F5-45B6-92CB-1172E107E94B}.Release|Any CPU.Build.0 = Release|Any CPU
	EndGlobalSection
	GlobalSection(SolutionProperties) = preSolution
		HideSolutionNode = FALSE
	EndGlobalSection
EndGlobal
